// !$*UTF8*$!
{
	archiveVersion = 1;
	classes = {
	};
	objectVersion = 46;
	objects = {

/* Begin PBXBuildFile section */
		2D27B86F1CA0E2840050F95F /* TradeTouchIdCell.swift in Sources */ = {isa = PBXBuildFile; fileRef = 2D27B86E1CA0E2840050F95F /* TradeTouchIdCell.swift */; };
		2D27B8711CA0E9BF0050F95F /* LiveLabel.swift in Sources */ = {isa = PBXBuildFile; fileRef = 2D27B8701CA0E9BF0050F95F /* LiveLabel.swift */; };
		2D27B8731CA0E9DE0050F95F /* NSDateExtension.swift in Sources */ = {isa = PBXBuildFile; fileRef = 2D27B8721CA0E9DE0050F95F /* NSDateExtension.swift */; };
		2D4904361CA1F391006924A7 /* LaunchScreen.storyboard in Resources */ = {isa = PBXBuildFile; fileRef = 2D4904351CA1F391006924A7 /* LaunchScreen.storyboard */; };
		2D4D23961C95CE9000D98ACF /* NSDateExtension.swift in Sources */ = {isa = PBXBuildFile; fileRef = 2D4D23951C95CE9000D98ACF /* NSDateExtension.swift */; };
		2D4D23981C95D0C700D98ACF /* NSDecimalNumberExtension.swift in Sources */ = {isa = PBXBuildFile; fileRef = 2D4D23971C95D0C700D98ACF /* NSDecimalNumberExtension.swift */; };
		2D5B55C11C99D001002E6EB1 /* TradeList.swift in Sources */ = {isa = PBXBuildFile; fileRef = 2D5B55C01C99D001002E6EB1 /* TradeList.swift */; };
		2D6CAADD1C85510B00B76138 /* AppDelegate.swift in Sources */ = {isa = PBXBuildFile; fileRef = 2D6CAADC1C85510B00B76138 /* AppDelegate.swift */; };
		2D6CAAE41C85510B00B76138 /* Assets.xcassets in Resources */ = {isa = PBXBuildFile; fileRef = 2D6CAAE31C85510B00B76138 /* Assets.xcassets */; };
		2D80E6CD1C8D4BC600E97D9F /* RootViewController.swift in Sources */ = {isa = PBXBuildFile; fileRef = 2D80E6CC1C8D4BC500E97D9F /* RootViewController.swift */; };
		2D80E6CF1C8D4F8700E97D9F /* SettingsPageViewController.swift in Sources */ = {isa = PBXBuildFile; fileRef = 2D80E6CE1C8D4F8700E97D9F /* SettingsPageViewController.swift */; };
		2D80E6D11C8D4FBE00E97D9F /* MainPageViewController.swift in Sources */ = {isa = PBXBuildFile; fileRef = 2D80E6D01C8D4FBE00E97D9F /* MainPageViewController.swift */; };
		2D80E6D31C8D4FCC00E97D9F /* TradePageViewController.swift in Sources */ = {isa = PBXBuildFile; fileRef = 2D80E6D21C8D4FCC00E97D9F /* TradePageViewController.swift */; };
		2D80E6D51C8D65C700E97D9F /* UIConfig.swift in Sources */ = {isa = PBXBuildFile; fileRef = 2D80E6D41C8D65C700E97D9F /* UIConfig.swift */; };
		2D80E6D81C8D65F900E97D9F /* Color.swift in Sources */ = {isa = PBXBuildFile; fileRef = 2D80E6D71C8D65F900E97D9F /* Color.swift */; };
		2D8D2FE81C8B87B7003A2028 /* Config.swift in Sources */ = {isa = PBXBuildFile; fileRef = 2D8D2FE71C8B87B7003A2028 /* Config.swift */; };
		2D8D2FEB1C8D10D5003A2028 /* NotificationService.swift in Sources */ = {isa = PBXBuildFile; fileRef = 2D8D2FEA1C8D10D5003A2028 /* NotificationService.swift */; };
		2D8D2FEE1C8D11A0003A2028 /* NSErrorExtension.swift in Sources */ = {isa = PBXBuildFile; fileRef = 2D8D2FED1C8D11A0003A2028 /* NSErrorExtension.swift */; };
		2D8D2FF01C8D13BC003A2028 /* BitcoinPriceService.swift in Sources */ = {isa = PBXBuildFile; fileRef = 2D8D2FEF1C8D13BB003A2028 /* BitcoinPriceService.swift */; };
		2D8D2FF31C8D1559003A2028 /* BitcoinPrice.swift in Sources */ = {isa = PBXBuildFile; fileRef = 2D8D2FF21C8D1559003A2028 /* BitcoinPrice.swift */; };
		2D91286B1C8695620086D4E4 /* Dispatcher.swift in Sources */ = {isa = PBXBuildFile; fileRef = 2D91286A1C8695620086D4E4 /* Dispatcher.swift */; };
		2D91286D1C8695E20086D4E4 /* ServerService.swift in Sources */ = {isa = PBXBuildFile; fileRef = 2D91286C1C8695E20086D4E4 /* ServerService.swift */; };
		2DD65B621C9241230066DD33 /* Trade.swift in Sources */ = {isa = PBXBuildFile; fileRef = 2DD65B611C9241230066DD33 /* Trade.swift */; };
		2DD65B641C9246600066DD33 /* TradeTableViewController.swift in Sources */ = {isa = PBXBuildFile; fileRef = 2DD65B631C9246600066DD33 /* TradeTableViewController.swift */; };
		2DE865731C8E7E6700B28FA4 /* PriceOnAppIconCell.swift in Sources */ = {isa = PBXBuildFile; fileRef = 2DE865721C8E7E6700B28FA4 /* PriceOnAppIconCell.swift */; };
		2DEA51B41C9256E20076A39A /* TradeTableViewCell.swift in Sources */ = {isa = PBXBuildFile; fileRef = 2DEA51B31C9256E20076A39A /* TradeTableViewCell.swift */; };
		2DEB014C1C9E1DFB003D6DF8 /* NotificationCenter.framework in Frameworks */ = {isa = PBXBuildFile; fileRef = 2DEB014B1C9E1DFB003D6DF8 /* NotificationCenter.framework */; };
		2DEB014F1C9E1DFB003D6DF8 /* TodayViewController.swift in Sources */ = {isa = PBXBuildFile; fileRef = 2DEB014E1C9E1DFB003D6DF8 /* TodayViewController.swift */; };
		2DEB01521C9E1DFB003D6DF8 /* MainInterface.storyboard in Resources */ = {isa = PBXBuildFile; fileRef = 2DEB01501C9E1DFB003D6DF8 /* MainInterface.storyboard */; };
		2DEB01561C9E1DFB003D6DF8 /* Bitcoin Price.appex in Embed App Extensions */ = {isa = PBXBuildFile; fileRef = 2DEB014A1C9E1DFB003D6DF8 /* Bitcoin Price.appex */; settings = {ATTRIBUTES = (RemoveHeadersOnCopy, ); }; };
		2DEB015C1C9E1F9F003D6DF8 /* BitcoinPriceService.swift in Sources */ = {isa = PBXBuildFile; fileRef = 2DEB015B1C9E1F9F003D6DF8 /* BitcoinPriceService.swift */; };
		2DEB015E1C9E216D003D6DF8 /* NSDecimalNumberExtension.swift in Sources */ = {isa = PBXBuildFile; fileRef = 2DEB015D1C9E216D003D6DF8 /* NSDecimalNumberExtension.swift */; };
		2DEB01611C9E2474003D6DF8 /* LiveLabel.swift in Sources */ = {isa = PBXBuildFile; fileRef = 2DEB01601C9E2474003D6DF8 /* LiveLabel.swift */; };
		2DEB01631C9E2ABC003D6DF8 /* LocalAuthentication.framework in Frameworks */ = {isa = PBXBuildFile; fileRef = 2DEB01621C9E2ABC003D6DF8 /* LocalAuthentication.framework */; };
		2DFF60C41C9648FD00A1A2B4 /* TradeFormViewController.swift in Sources */ = {isa = PBXBuildFile; fileRef = 2DFF60C31C9648FD00A1A2B4 /* TradeFormViewController.swift */; };
		6650EC688FDA241CCD0141BA /* Pods_Bitcoin_Price.framework in Frameworks */ = {isa = PBXBuildFile; fileRef = 91022FCDA78567F93399DEEB /* Pods_Bitcoin_Price.framework */; };
		8FE0A713EAD204CEA1EB0912 /* Pods_Bitcoin_Ticker.framework in Frameworks */ = {isa = PBXBuildFile; fileRef = 82795405463FFCCF7AF8FCBB /* Pods_Bitcoin_Ticker.framework */; };
/* End PBXBuildFile section */

/* Begin PBXContainerItemProxy section */
		2DEB01541C9E1DFB003D6DF8 /* PBXContainerItemProxy */ = {
			isa = PBXContainerItemProxy;
			containerPortal = 2D6CAAD11C85510B00B76138 /* Project object */;
			proxyType = 1;
			remoteGlobalIDString = 2DEB01491C9E1DFB003D6DF8;
			remoteInfo = "Bitcoin Price";
		};
/* End PBXContainerItemProxy section */

/* Begin PBXCopyFilesBuildPhase section */
		2DEB015A1C9E1DFB003D6DF8 /* Embed App Extensions */ = {
			isa = PBXCopyFilesBuildPhase;
			buildActionMask = 2147483647;
			dstPath = "";
			dstSubfolderSpec = 13;
			files = (
				2DEB01561C9E1DFB003D6DF8 /* Bitcoin Price.appex in Embed App Extensions */,
			);
			name = "Embed App Extensions";
			runOnlyForDeploymentPostprocessing = 0;
		};
/* End PBXCopyFilesBuildPhase section */

/* Begin PBXFileReference section */
		2D27B86E1CA0E2840050F95F /* TradeTouchIdCell.swift */ = {isa = PBXFileReference; fileEncoding = 4; lastKnownFileType = sourcecode.swift; path = TradeTouchIdCell.swift; sourceTree = "<group>"; };
		2D27B8701CA0E9BF0050F95F /* LiveLabel.swift */ = {isa = PBXFileReference; fileEncoding = 4; lastKnownFileType = sourcecode.swift; path = LiveLabel.swift; sourceTree = "<group>"; };
		2D27B8721CA0E9DE0050F95F /* NSDateExtension.swift */ = {isa = PBXFileReference; fileEncoding = 4; lastKnownFileType = sourcecode.swift; path = NSDateExtension.swift; sourceTree = "<group>"; };
		2D4904351CA1F391006924A7 /* LaunchScreen.storyboard */ = {isa = PBXFileReference; fileEncoding = 4; lastKnownFileType = file.storyboard; name = LaunchScreen.storyboard; path = ../LaunchScreen.storyboard; sourceTree = "<group>"; };
		2D4D23951C95CE9000D98ACF /* NSDateExtension.swift */ = {isa = PBXFileReference; fileEncoding = 4; lastKnownFileType = sourcecode.swift; path = NSDateExtension.swift; sourceTree = "<group>"; };
		2D4D23971C95D0C700D98ACF /* NSDecimalNumberExtension.swift */ = {isa = PBXFileReference; fileEncoding = 4; lastKnownFileType = sourcecode.swift; path = NSDecimalNumberExtension.swift; sourceTree = "<group>"; };
		2D5B55C01C99D001002E6EB1 /* TradeList.swift */ = {isa = PBXFileReference; fileEncoding = 4; lastKnownFileType = sourcecode.swift; path = TradeList.swift; sourceTree = "<group>"; };
		2D6CAAD91C85510B00B76138 /* Bitcoin Ticker.app */ = {isa = PBXFileReference; explicitFileType = wrapper.application; includeInIndex = 0; path = "Bitcoin Ticker.app"; sourceTree = BUILT_PRODUCTS_DIR; };
		2D6CAADC1C85510B00B76138 /* AppDelegate.swift */ = {isa = PBXFileReference; lastKnownFileType = sourcecode.swift; path = AppDelegate.swift; sourceTree = "<group>"; };
		2D6CAAE31C85510B00B76138 /* Assets.xcassets */ = {isa = PBXFileReference; lastKnownFileType = folder.assetcatalog; path = Assets.xcassets; sourceTree = "<group>"; };
		2D6CAAE81C85510B00B76138 /* Info.plist */ = {isa = PBXFileReference; lastKnownFileType = text.plist.xml; path = Info.plist; sourceTree = "<group>"; };
		2D80E6CC1C8D4BC500E97D9F /* RootViewController.swift */ = {isa = PBXFileReference; fileEncoding = 4; lastKnownFileType = sourcecode.swift; path = RootViewController.swift; sourceTree = "<group>"; };
		2D80E6CE1C8D4F8700E97D9F /* SettingsPageViewController.swift */ = {isa = PBXFileReference; fileEncoding = 4; lastKnownFileType = sourcecode.swift; name = SettingsPageViewController.swift; path = ../SettingsPageViewController.swift; sourceTree = "<group>"; };
		2D80E6D01C8D4FBE00E97D9F /* MainPageViewController.swift */ = {isa = PBXFileReference; fileEncoding = 4; lastKnownFileType = sourcecode.swift; path = MainPageViewController.swift; sourceTree = "<group>"; };
		2D80E6D21C8D4FCC00E97D9F /* TradePageViewController.swift */ = {isa = PBXFileReference; fileEncoding = 4; lastKnownFileType = sourcecode.swift; path = TradePageViewController.swift; sourceTree = "<group>"; };
		2D80E6D41C8D65C700E97D9F /* UIConfig.swift */ = {isa = PBXFileReference; fileEncoding = 4; lastKnownFileType = sourcecode.swift; path = UIConfig.swift; sourceTree = "<group>"; };
		2D80E6D71C8D65F900E97D9F /* Color.swift */ = {isa = PBXFileReference; fileEncoding = 4; lastKnownFileType = sourcecode.swift; path = Color.swift; sourceTree = "<group>"; };
		2D8D2FE71C8B87B7003A2028 /* Config.swift */ = {isa = PBXFileReference; fileEncoding = 4; lastKnownFileType = sourcecode.swift; path = Config.swift; sourceTree = "<group>"; };
		2D8D2FEA1C8D10D5003A2028 /* NotificationService.swift */ = {isa = PBXFileReference; fileEncoding = 4; lastKnownFileType = sourcecode.swift; path = NotificationService.swift; sourceTree = "<group>"; };
		2D8D2FED1C8D11A0003A2028 /* NSErrorExtension.swift */ = {isa = PBXFileReference; fileEncoding = 4; lastKnownFileType = sourcecode.swift; path = NSErrorExtension.swift; sourceTree = "<group>"; };
		2D8D2FEF1C8D13BB003A2028 /* BitcoinPriceService.swift */ = {isa = PBXFileReference; fileEncoding = 4; lastKnownFileType = sourcecode.swift; path = BitcoinPriceService.swift; sourceTree = "<group>"; };
		2D8D2FF21C8D1559003A2028 /* BitcoinPrice.swift */ = {isa = PBXFileReference; fileEncoding = 4; lastKnownFileType = sourcecode.swift; path = BitcoinPrice.swift; sourceTree = "<group>"; };
		2D91286A1C8695620086D4E4 /* Dispatcher.swift */ = {isa = PBXFileReference; fileEncoding = 4; lastKnownFileType = sourcecode.swift; path = Dispatcher.swift; sourceTree = "<group>"; };
		2D91286C1C8695E20086D4E4 /* ServerService.swift */ = {isa = PBXFileReference; fileEncoding = 4; lastKnownFileType = sourcecode.swift; path = ServerService.swift; sourceTree = "<group>"; };
		2DD65B611C9241230066DD33 /* Trade.swift */ = {isa = PBXFileReference; fileEncoding = 4; lastKnownFileType = sourcecode.swift; path = Trade.swift; sourceTree = "<group>"; };
		2DD65B631C9246600066DD33 /* TradeTableViewController.swift */ = {isa = PBXFileReference; fileEncoding = 4; lastKnownFileType = sourcecode.swift; path = TradeTableViewController.swift; sourceTree = "<group>"; };
		2DE865721C8E7E6700B28FA4 /* PriceOnAppIconCell.swift */ = {isa = PBXFileReference; fileEncoding = 4; lastKnownFileType = sourcecode.swift; path = PriceOnAppIconCell.swift; sourceTree = "<group>"; };
		2DEA51B31C9256E20076A39A /* TradeTableViewCell.swift */ = {isa = PBXFileReference; fileEncoding = 4; lastKnownFileType = sourcecode.swift; path = TradeTableViewCell.swift; sourceTree = "<group>"; };
		2DEB014A1C9E1DFB003D6DF8 /* Bitcoin Price.appex */ = {isa = PBXFileReference; explicitFileType = "wrapper.app-extension"; includeInIndex = 0; path = "Bitcoin Price.appex"; sourceTree = BUILT_PRODUCTS_DIR; };
		2DEB014B1C9E1DFB003D6DF8 /* NotificationCenter.framework */ = {isa = PBXFileReference; lastKnownFileType = wrapper.framework; name = NotificationCenter.framework; path = System/Library/Frameworks/NotificationCenter.framework; sourceTree = SDKROOT; };
		2DEB014E1C9E1DFB003D6DF8 /* TodayViewController.swift */ = {isa = PBXFileReference; lastKnownFileType = sourcecode.swift; path = TodayViewController.swift; sourceTree = "<group>"; };
		2DEB01511C9E1DFB003D6DF8 /* Base */ = {isa = PBXFileReference; lastKnownFileType = file.storyboard; name = Base; path = Base.lproj/MainInterface.storyboard; sourceTree = "<group>"; };
		2DEB01531C9E1DFB003D6DF8 /* Info.plist */ = {isa = PBXFileReference; lastKnownFileType = text.plist.xml; path = Info.plist; sourceTree = "<group>"; };
		2DEB015B1C9E1F9F003D6DF8 /* BitcoinPriceService.swift */ = {isa = PBXFileReference; fileEncoding = 4; lastKnownFileType = sourcecode.swift; path = BitcoinPriceService.swift; sourceTree = "<group>"; };
		2DEB015D1C9E216D003D6DF8 /* NSDecimalNumberExtension.swift */ = {isa = PBXFileReference; fileEncoding = 4; lastKnownFileType = sourcecode.swift; path = NSDecimalNumberExtension.swift; sourceTree = "<group>"; };
		2DEB01601C9E2474003D6DF8 /* LiveLabel.swift */ = {isa = PBXFileReference; fileEncoding = 4; lastKnownFileType = sourcecode.swift; path = LiveLabel.swift; sourceTree = "<group>"; };
		2DEB01621C9E2ABC003D6DF8 /* LocalAuthentication.framework */ = {isa = PBXFileReference; lastKnownFileType = wrapper.framework; name = LocalAuthentication.framework; path = System/Library/Frameworks/LocalAuthentication.framework; sourceTree = SDKROOT; };
		2DFF60C31C9648FD00A1A2B4 /* TradeFormViewController.swift */ = {isa = PBXFileReference; fileEncoding = 4; lastKnownFileType = sourcecode.swift; path = TradeFormViewController.swift; sourceTree = "<group>"; };
		3270E5E574669375BD49C492 /* Pods-Bitcoin Price.release.xcconfig */ = {isa = PBXFileReference; includeInIndex = 1; lastKnownFileType = text.xcconfig; name = "Pods-Bitcoin Price.release.xcconfig"; path = "Pods/Target Support Files/Pods-Bitcoin Price/Pods-Bitcoin Price.release.xcconfig"; sourceTree = "<group>"; };
		560AF3D318BE42C55066C745 /* Pods.framework */ = {isa = PBXFileReference; explicitFileType = wrapper.framework; includeInIndex = 0; path = Pods.framework; sourceTree = BUILT_PRODUCTS_DIR; };
		72284ED18C83D03C2C4EECA3 /* Pods-Bitcoin Ticker.release.xcconfig */ = {isa = PBXFileReference; includeInIndex = 1; lastKnownFileType = text.xcconfig; name = "Pods-Bitcoin Ticker.release.xcconfig"; path = "Pods/Target Support Files/Pods-Bitcoin Ticker/Pods-Bitcoin Ticker.release.xcconfig"; sourceTree = "<group>"; };
		82795405463FFCCF7AF8FCBB /* Pods_Bitcoin_Ticker.framework */ = {isa = PBXFileReference; explicitFileType = wrapper.framework; includeInIndex = 0; path = Pods_Bitcoin_Ticker.framework; sourceTree = BUILT_PRODUCTS_DIR; };
		88D24ED4D30CDBE48881E76D /* Pods-Bitcoin Ticker.debug.xcconfig */ = {isa = PBXFileReference; includeInIndex = 1; lastKnownFileType = text.xcconfig; name = "Pods-Bitcoin Ticker.debug.xcconfig"; path = "Pods/Target Support Files/Pods-Bitcoin Ticker/Pods-Bitcoin Ticker.debug.xcconfig"; sourceTree = "<group>"; };
		91022FCDA78567F93399DEEB /* Pods_Bitcoin_Price.framework */ = {isa = PBXFileReference; explicitFileType = wrapper.framework; includeInIndex = 0; path = Pods_Bitcoin_Price.framework; sourceTree = BUILT_PRODUCTS_DIR; };
		A035C6459B5123467ACD53EA /* Pods.release.xcconfig */ = {isa = PBXFileReference; includeInIndex = 1; lastKnownFileType = text.xcconfig; name = Pods.release.xcconfig; path = "Pods/Target Support Files/Pods/Pods.release.xcconfig"; sourceTree = "<group>"; };
		E882C4975FB719CAC4C055A5 /* Pods.debug.xcconfig */ = {isa = PBXFileReference; includeInIndex = 1; lastKnownFileType = text.xcconfig; name = Pods.debug.xcconfig; path = "Pods/Target Support Files/Pods/Pods.debug.xcconfig"; sourceTree = "<group>"; };
		F623F52C0500747DAA7F2F35 /* Pods-Bitcoin Price.debug.xcconfig */ = {isa = PBXFileReference; includeInIndex = 1; lastKnownFileType = text.xcconfig; name = "Pods-Bitcoin Price.debug.xcconfig"; path = "Pods/Target Support Files/Pods-Bitcoin Price/Pods-Bitcoin Price.debug.xcconfig"; sourceTree = "<group>"; };
/* End PBXFileReference section */

/* Begin PBXFrameworksBuildPhase section */
		2D6CAAD61C85510B00B76138 /* Frameworks */ = {
			isa = PBXFrameworksBuildPhase;
			buildActionMask = 2147483647;
			files = (
				2DEB01631C9E2ABC003D6DF8 /* LocalAuthentication.framework in Frameworks */,
				8FE0A713EAD204CEA1EB0912 /* Pods_Bitcoin_Ticker.framework in Frameworks */,
			);
			runOnlyForDeploymentPostprocessing = 0;
		};
		2DEB01471C9E1DFB003D6DF8 /* Frameworks */ = {
			isa = PBXFrameworksBuildPhase;
			buildActionMask = 2147483647;
			files = (
				2DEB014C1C9E1DFB003D6DF8 /* NotificationCenter.framework in Frameworks */,
				6650EC688FDA241CCD0141BA /* Pods_Bitcoin_Price.framework in Frameworks */,
			);
			runOnlyForDeploymentPostprocessing = 0;
		};
/* End PBXFrameworksBuildPhase section */

/* Begin PBXGroup section */
		12167F6F76F1B62F5B1B046D /* Frameworks */ = {
			isa = PBXGroup;
			children = (
				2DEB01621C9E2ABC003D6DF8 /* LocalAuthentication.framework */,
				560AF3D318BE42C55066C745 /* Pods.framework */,
				2DEB014B1C9E1DFB003D6DF8 /* NotificationCenter.framework */,
				91022FCDA78567F93399DEEB /* Pods_Bitcoin_Price.framework */,
				82795405463FFCCF7AF8FCBB /* Pods_Bitcoin_Ticker.framework */,
			);
			name = Frameworks;
			sourceTree = "<group>";
		};
		2D6CAAD01C85510B00B76138 = {
			isa = PBXGroup;
			children = (
				2D6CAADB1C85510B00B76138 /* Bitcoin Ticker */,
				2DEB014D1C9E1DFB003D6DF8 /* Bitcoin Price */,
				2D6CAADA1C85510B00B76138 /* Products */,
				5C23ECD8EC97622E5A3F8F87 /* Pods */,
				12167F6F76F1B62F5B1B046D /* Frameworks */,
			);
			sourceTree = "<group>";
		};
		2D6CAADA1C85510B00B76138 /* Products */ = {
			isa = PBXGroup;
			children = (
				2D6CAAD91C85510B00B76138 /* Bitcoin Ticker.app */,
				2DEB014A1C9E1DFB003D6DF8 /* Bitcoin Price.appex */,
			);
			name = Products;
			sourceTree = "<group>";
		};
		2D6CAADB1C85510B00B76138 /* Bitcoin Ticker */ = {
			isa = PBXGroup;
			children = (
				2DE865741C8E881800B28FA4 /* UI */,
				2D80E6D61C8D65E100E97D9F /* UIConfig */,
				2D8D2FE91C8D10C1003A2028 /* Service */,
				2D8D2FF11C8D1446003A2028 /* Persistence */,
				2D8D2FEC1C8D1167003A2028 /* Extension */,
				2D6CAADC1C85510B00B76138 /* AppDelegate.swift */,
				2D6CAAE31C85510B00B76138 /* Assets.xcassets */,
				2D6CAAE81C85510B00B76138 /* Info.plist */,
			);
			path = "Bitcoin Ticker";
			sourceTree = "<group>";
		};
		2D80E6D61C8D65E100E97D9F /* UIConfig */ = {
			isa = PBXGroup;
			children = (
				2D80E6D71C8D65F900E97D9F /* Color.swift */,
				2D80E6D41C8D65C700E97D9F /* UIConfig.swift */,
			);
			name = UIConfig;
			sourceTree = "<group>";
		};
		2D8D2FE91C8D10C1003A2028 /* Service */ = {
			isa = PBXGroup;
			children = (
				2D91286C1C8695E20086D4E4 /* ServerService.swift */,
				2D91286A1C8695620086D4E4 /* Dispatcher.swift */,
				2D8D2FEA1C8D10D5003A2028 /* NotificationService.swift */,
				2D8D2FEF1C8D13BB003A2028 /* BitcoinPriceService.swift */,
			);
			name = Service;
			sourceTree = "<group>";
		};
		2D8D2FEC1C8D1167003A2028 /* Extension */ = {
			isa = PBXGroup;
			children = (
				2D8D2FED1C8D11A0003A2028 /* NSErrorExtension.swift */,
				2D4D23951C95CE9000D98ACF /* NSDateExtension.swift */,
				2D4D23971C95D0C700D98ACF /* NSDecimalNumberExtension.swift */,
			);
			name = Extension;
			sourceTree = "<group>";
		};
		2D8D2FF11C8D1446003A2028 /* Persistence */ = {
			isa = PBXGroup;
			children = (
				2D8D2FE71C8B87B7003A2028 /* Config.swift */,
				2D8D2FF21C8D1559003A2028 /* BitcoinPrice.swift */,
				2DD65B611C9241230066DD33 /* Trade.swift */,
				2D5B55C01C99D001002E6EB1 /* TradeList.swift */,
			);
			name = Persistence;
			sourceTree = "<group>";
		};
		2DE865741C8E881800B28FA4 /* UI */ = {
			isa = PBXGroup;
			children = (
				2DEB015F1C9E2459003D6DF8 /* Core */,
				2DE865771C8E884100B28FA4 /* TradePage */,
				2DE865761C8E883800B28FA4 /* MainPage */,
				2DE865751C8E882C00B28FA4 /* SettingsPage */,
				2D80E6CC1C8D4BC500E97D9F /* RootViewController.swift */,
			);
			name = UI;
			sourceTree = "<group>";
		};
		2DE865751C8E882C00B28FA4 /* SettingsPage */ = {
			isa = PBXGroup;
			children = (
				2D27B86E1CA0E2840050F95F /* TradeTouchIdCell.swift */,
				2DE865721C8E7E6700B28FA4 /* PriceOnAppIconCell.swift */,
				2D80E6CE1C8D4F8700E97D9F /* SettingsPageViewController.swift */,
			);
			name = SettingsPage;
			sourceTree = "<group>";
		};
		2DE865761C8E883800B28FA4 /* MainPage */ = {
			isa = PBXGroup;
			children = (
				2D80E6D01C8D4FBE00E97D9F /* MainPageViewController.swift */,
			);
			name = MainPage;
			sourceTree = "<group>";
		};
		2DE865771C8E884100B28FA4 /* TradePage */ = {
			isa = PBXGroup;
			children = (
				2D80E6D21C8D4FCC00E97D9F /* TradePageViewController.swift */,
				2DD65B631C9246600066DD33 /* TradeTableViewController.swift */,
				2DEA51B31C9256E20076A39A /* TradeTableViewCell.swift */,
				2DFF60C31C9648FD00A1A2B4 /* TradeFormViewController.swift */,
			);
			name = TradePage;
			sourceTree = "<group>";
		};
		2DEB014D1C9E1DFB003D6DF8 /* Bitcoin Price */ = {
			isa = PBXGroup;
			children = (
				2DEB014E1C9E1DFB003D6DF8 /* TodayViewController.swift */,
				2DEB015B1C9E1F9F003D6DF8 /* BitcoinPriceService.swift */,
				2DEB015D1C9E216D003D6DF8 /* NSDecimalNumberExtension.swift */,
				2D27B8721CA0E9DE0050F95F /* NSDateExtension.swift */,
				2D27B8701CA0E9BF0050F95F /* LiveLabel.swift */,
				2DEB01501C9E1DFB003D6DF8 /* MainInterface.storyboard */,
				2D4904351CA1F391006924A7 /* LaunchScreen.storyboard */,
				2DEB01531C9E1DFB003D6DF8 /* Info.plist */,
			);
			path = "Bitcoin Price";
			sourceTree = "<group>";
		};
		2DEB015F1C9E2459003D6DF8 /* Core */ = {
			isa = PBXGroup;
			children = (
				2DEB01601C9E2474003D6DF8 /* LiveLabel.swift */,
			);
			name = Core;
			sourceTree = "<group>";
		};
		5C23ECD8EC97622E5A3F8F87 /* Pods */ = {
			isa = PBXGroup;
			children = (
				E882C4975FB719CAC4C055A5 /* Pods.debug.xcconfig */,
				A035C6459B5123467ACD53EA /* Pods.release.xcconfig */,
				F623F52C0500747DAA7F2F35 /* Pods-Bitcoin Price.debug.xcconfig */,
				3270E5E574669375BD49C492 /* Pods-Bitcoin Price.release.xcconfig */,
				88D24ED4D30CDBE48881E76D /* Pods-Bitcoin Ticker.debug.xcconfig */,
				72284ED18C83D03C2C4EECA3 /* Pods-Bitcoin Ticker.release.xcconfig */,
			);
			name = Pods;
			sourceTree = "<group>";
		};
/* End PBXGroup section */

/* Begin PBXNativeTarget section */
		2D6CAAD81C85510B00B76138 /* Bitcoin Ticker */ = {
			isa = PBXNativeTarget;
			buildConfigurationList = 2D6CAAEB1C85510B00B76138 /* Build configuration list for PBXNativeTarget "Bitcoin Ticker" */;
			buildPhases = (
				C60654CB764E6EEA2A4AF804 /* Check Pods Manifest.lock */,
				2D6CAAD51C85510B00B76138 /* Sources */,
				2D6CAAD61C85510B00B76138 /* Frameworks */,
				2D6CAAD71C85510B00B76138 /* Resources */,
				0B0DA911F81E91F3048DAE1E /* Embed Pods Frameworks */,
				1D680E91751E35EC65824FF8 /* Copy Pods Resources */,
				2DE865781C8E8A4000B28FA4 /* ShellScript */,
				2DEB015A1C9E1DFB003D6DF8 /* Embed App Extensions */,
			);
			buildRules = (
			);
			dependencies = (
				2DEB01551C9E1DFB003D6DF8 /* PBXTargetDependency */,
			);
			name = "Bitcoin Ticker";
			productName = "Bitcoin Ticker";
			productReference = 2D6CAAD91C85510B00B76138 /* Bitcoin Ticker.app */;
			productType = "com.apple.product-type.application";
		};
		2DEB01491C9E1DFB003D6DF8 /* Bitcoin Price */ = {
			isa = PBXNativeTarget;
			buildConfigurationList = 2DEB01591C9E1DFB003D6DF8 /* Build configuration list for PBXNativeTarget "Bitcoin Price" */;
			buildPhases = (
				F8E94ED50B24BF0339A85F0D /* Check Pods Manifest.lock */,
				2DEB01461C9E1DFB003D6DF8 /* Sources */,
				2DEB01471C9E1DFB003D6DF8 /* Frameworks */,
				2DEB01481C9E1DFB003D6DF8 /* Resources */,
				3E26B0DC646E5131DC4075F7 /* Embed Pods Frameworks */,
				ED36EEFBBC833E52F374657C /* Copy Pods Resources */,
			);
			buildRules = (
			);
			dependencies = (
			);
			name = "Bitcoin Price";
			productName = "Bitcoin Price";
			productReference = 2DEB014A1C9E1DFB003D6DF8 /* Bitcoin Price.appex */;
			productType = "com.apple.product-type.app-extension";
		};
/* End PBXNativeTarget section */

/* Begin PBXProject section */
		2D6CAAD11C85510B00B76138 /* Project object */ = {
			isa = PBXProject;
			attributes = {
				LastSwiftUpdateCheck = 0720;
				LastUpgradeCheck = 0720;
				ORGANIZATIONNAME = "Raccoonz Ninja";
				TargetAttributes = {
					2D6CAAD81C85510B00B76138 = {
						CreatedOnToolsVersion = 7.2.1;
						DevelopmentTeam = 49ND9TC5D4;
						SystemCapabilities = {
							com.apple.Push = {
								enabled = 1;
							};
						};
					};
					2DEB01491C9E1DFB003D6DF8 = {
						CreatedOnToolsVersion = 7.2.1;
						DevelopmentTeam = 49ND9TC5D4;
					};
				};
			};
			buildConfigurationList = 2D6CAAD41C85510B00B76138 /* Build configuration list for PBXProject "Bitcoin Ticker" */;
			compatibilityVersion = "Xcode 3.2";
			developmentRegion = English;
			hasScannedForEncodings = 0;
			knownRegions = (
				en,
				Base,
			);
			mainGroup = 2D6CAAD01C85510B00B76138;
			productRefGroup = 2D6CAADA1C85510B00B76138 /* Products */;
			projectDirPath = "";
			projectRoot = "";
			targets = (
				2D6CAAD81C85510B00B76138 /* Bitcoin Ticker */,
				2DEB01491C9E1DFB003D6DF8 /* Bitcoin Price */,
			);
		};
/* End PBXProject section */

/* Begin PBXResourcesBuildPhase section */
		2D6CAAD71C85510B00B76138 /* Resources */ = {
			isa = PBXResourcesBuildPhase;
			buildActionMask = 2147483647;
			files = (
				2D6CAAE41C85510B00B76138 /* Assets.xcassets in Resources */,
				2D4904361CA1F391006924A7 /* LaunchScreen.storyboard in Resources */,
			);
			runOnlyForDeploymentPostprocessing = 0;
		};
		2DEB01481C9E1DFB003D6DF8 /* Resources */ = {
			isa = PBXResourcesBuildPhase;
			buildActionMask = 2147483647;
			files = (
				2DEB01521C9E1DFB003D6DF8 /* MainInterface.storyboard in Resources */,
			);
			runOnlyForDeploymentPostprocessing = 0;
		};
/* End PBXResourcesBuildPhase section */

/* Begin PBXShellScriptBuildPhase section */
		0B0DA911F81E91F3048DAE1E /* Embed Pods Frameworks */ = {
			isa = PBXShellScriptBuildPhase;
			buildActionMask = 2147483647;
			files = (
			);
			inputPaths = (
			);
			name = "Embed Pods Frameworks";
			outputPaths = (
			);
			runOnlyForDeploymentPostprocessing = 0;
			shellPath = /bin/sh;
			shellScript = "\"${SRCROOT}/Pods/Target Support Files/Pods-Bitcoin Ticker/Pods-Bitcoin Ticker-frameworks.sh\"\n";
			showEnvVarsInLog = 0;
		};
		1D680E91751E35EC65824FF8 /* Copy Pods Resources */ = {
			isa = PBXShellScriptBuildPhase;
			buildActionMask = 2147483647;
			files = (
			);
			inputPaths = (
			);
			name = "Copy Pods Resources";
			outputPaths = (
			);
			runOnlyForDeploymentPostprocessing = 0;
			shellPath = /bin/sh;
			shellScript = "\"${SRCROOT}/Pods/Target Support Files/Pods-Bitcoin Ticker/Pods-Bitcoin Ticker-resources.sh\"\n";
			showEnvVarsInLog = 0;
		};
		2DE865781C8E8A4000B28FA4 /* ShellScript */ = {
			isa = PBXShellScriptBuildPhase;
			buildActionMask = 2147483647;
			files = (
			);
			inputPaths = (
			);
			outputPaths = (
			);
			runOnlyForDeploymentPostprocessing = 0;
			shellPath = /bin/sh;
			shellScript = "\"${PODS_ROOT}/Fabric/run\" 6c13e3e11a63c57a17ffc6ce926c058d4927d4b5 5a2c0f72086f647d479edd36e5e169cc4109f45b848062a59ccdab7257b7d3b3";
		};
		3E26B0DC646E5131DC4075F7 /* Embed Pods Frameworks */ = {
			isa = PBXShellScriptBuildPhase;
			buildActionMask = 2147483647;
			files = (
			);
			inputPaths = (
			);
			name = "Embed Pods Frameworks";
			outputPaths = (
			);
			runOnlyForDeploymentPostprocessing = 0;
			shellPath = /bin/sh;
			shellScript = "\"${SRCROOT}/Pods/Target Support Files/Pods-Bitcoin Price/Pods-Bitcoin Price-frameworks.sh\"\n";
			showEnvVarsInLog = 0;
		};
		C60654CB764E6EEA2A4AF804 /* Check Pods Manifest.lock */ = {
			isa = PBXShellScriptBuildPhase;
			buildActionMask = 2147483647;
			files = (
			);
			inputPaths = (
			);
			name = "Check Pods Manifest.lock";
			outputPaths = (
			);
			runOnlyForDeploymentPostprocessing = 0;
			shellPath = /bin/sh;
			shellScript = "diff \"${PODS_ROOT}/../Podfile.lock\" \"${PODS_ROOT}/Manifest.lock\" > /dev/null\nif [[ $? != 0 ]] ; then\n    cat << EOM\nerror: The sandbox is not in sync with the Podfile.lock. Run 'pod install' or update your CocoaPods installation.\nEOM\n    exit 1\nfi\n";
			showEnvVarsInLog = 0;
		};
		ED36EEFBBC833E52F374657C /* Copy Pods Resources */ = {
			isa = PBXShellScriptBuildPhase;
			buildActionMask = 2147483647;
			files = (
			);
			inputPaths = (
			);
			name = "Copy Pods Resources";
			outputPaths = (
			);
			runOnlyForDeploymentPostprocessing = 0;
			shellPath = /bin/sh;
			shellScript = "\"${SRCROOT}/Pods/Target Support Files/Pods-Bitcoin Price/Pods-Bitcoin Price-resources.sh\"\n";
			showEnvVarsInLog = 0;
		};
		F8E94ED50B24BF0339A85F0D /* Check Pods Manifest.lock */ = {
			isa = PBXShellScriptBuildPhase;
			buildActionMask = 2147483647;
			files = (
			);
			inputPaths = (
			);
			name = "Check Pods Manifest.lock";
			outputPaths = (
			);
			runOnlyForDeploymentPostprocessing = 0;
			shellPath = /bin/sh;
			shellScript = "diff \"${PODS_ROOT}/../Podfile.lock\" \"${PODS_ROOT}/Manifest.lock\" > /dev/null\nif [[ $? != 0 ]] ; then\n    cat << EOM\nerror: The sandbox is not in sync with the Podfile.lock. Run 'pod install' or update your CocoaPods installation.\nEOM\n    exit 1\nfi\n";
			showEnvVarsInLog = 0;
		};
/* End PBXShellScriptBuildPhase section */

/* Begin PBXSourcesBuildPhase section */
		2D6CAAD51C85510B00B76138 /* Sources */ = {
			isa = PBXSourcesBuildPhase;
			buildActionMask = 2147483647;
			files = (
				2D80E6D31C8D4FCC00E97D9F /* TradePageViewController.swift in Sources */,
				2D4D23961C95CE9000D98ACF /* NSDateExtension.swift in Sources */,
				2D80E6CD1C8D4BC600E97D9F /* RootViewController.swift in Sources */,
				2D80E6CF1C8D4F8700E97D9F /* SettingsPageViewController.swift in Sources */,
				2D8D2FF01C8D13BC003A2028 /* BitcoinPriceService.swift in Sources */,
				2DEA51B41C9256E20076A39A /* TradeTableViewCell.swift in Sources */,
				2DFF60C41C9648FD00A1A2B4 /* TradeFormViewController.swift in Sources */,
				2DD65B641C9246600066DD33 /* TradeTableViewController.swift in Sources */,
				2D5B55C11C99D001002E6EB1 /* TradeList.swift in Sources */,
				2D80E6D11C8D4FBE00E97D9F /* MainPageViewController.swift in Sources */,
				2D6CAADD1C85510B00B76138 /* AppDelegate.swift in Sources */,
				2DEB01611C9E2474003D6DF8 /* LiveLabel.swift in Sources */,
				2DD65B621C9241230066DD33 /* Trade.swift in Sources */,
				2D8D2FE81C8B87B7003A2028 /* Config.swift in Sources */,
				2D80E6D81C8D65F900E97D9F /* Color.swift in Sources */,
				2D8D2FF31C8D1559003A2028 /* BitcoinPrice.swift in Sources */,
				2D4D23981C95D0C700D98ACF /* NSDecimalNumberExtension.swift in Sources */,
				2D27B86F1CA0E2840050F95F /* TradeTouchIdCell.swift in Sources */,
				2D80E6D51C8D65C700E97D9F /* UIConfig.swift in Sources */,
				2D91286D1C8695E20086D4E4 /* ServerService.swift in Sources */,
				2D8D2FEE1C8D11A0003A2028 /* NSErrorExtension.swift in Sources */,
				2DE865731C8E7E6700B28FA4 /* PriceOnAppIconCell.swift in Sources */,
				2D8D2FEB1C8D10D5003A2028 /* NotificationService.swift in Sources */,
				2D91286B1C8695620086D4E4 /* Dispatcher.swift in Sources */,
			);
			runOnlyForDeploymentPostprocessing = 0;
		};
		2DEB01461C9E1DFB003D6DF8 /* Sources */ = {
			isa = PBXSourcesBuildPhase;
			buildActionMask = 2147483647;
			files = (
				2DEB015E1C9E216D003D6DF8 /* NSDecimalNumberExtension.swift in Sources */,
				2D27B8731CA0E9DE0050F95F /* NSDateExtension.swift in Sources */,
				2DEB015C1C9E1F9F003D6DF8 /* BitcoinPriceService.swift in Sources */,
				2D27B8711CA0E9BF0050F95F /* LiveLabel.swift in Sources */,
				2DEB014F1C9E1DFB003D6DF8 /* TodayViewController.swift in Sources */,
			);
			runOnlyForDeploymentPostprocessing = 0;
		};
/* End PBXSourcesBuildPhase section */

/* Begin PBXTargetDependency section */
		2DEB01551C9E1DFB003D6DF8 /* PBXTargetDependency */ = {
			isa = PBXTargetDependency;
			target = 2DEB01491C9E1DFB003D6DF8 /* Bitcoin Price */;
			targetProxy = 2DEB01541C9E1DFB003D6DF8 /* PBXContainerItemProxy */;
		};
/* End PBXTargetDependency section */

/* Begin PBXVariantGroup section */
		2DEB01501C9E1DFB003D6DF8 /* MainInterface.storyboard */ = {
			isa = PBXVariantGroup;
			children = (
				2DEB01511C9E1DFB003D6DF8 /* Base */,
			);
			name = MainInterface.storyboard;
			sourceTree = "<group>";
		};
/* End PBXVariantGroup section */

/* Begin XCBuildConfiguration section */
		2D6CAAE91C85510B00B76138 /* Debug */ = {
			isa = XCBuildConfiguration;
			buildSettings = {
				ALWAYS_SEARCH_USER_PATHS = NO;
				CLANG_CXX_LANGUAGE_STANDARD = "gnu++0x";
				CLANG_CXX_LIBRARY = "libc++";
				CLANG_ENABLE_MODULES = YES;
				CLANG_ENABLE_OBJC_ARC = YES;
				CLANG_WARN_BOOL_CONVERSION = YES;
				CLANG_WARN_CONSTANT_CONVERSION = YES;
				CLANG_WARN_DIRECT_OBJC_ISA_USAGE = YES_ERROR;
				CLANG_WARN_EMPTY_BODY = YES;
				CLANG_WARN_ENUM_CONVERSION = YES;
				CLANG_WARN_INT_CONVERSION = YES;
				CLANG_WARN_OBJC_ROOT_CLASS = YES_ERROR;
				CLANG_WARN_UNREACHABLE_CODE = YES;
				CLANG_WARN__DUPLICATE_METHOD_MATCH = YES;
				"CODE_SIGN_IDENTITY[sdk=iphoneos*]" = "iPhone Developer";
				COPY_PHASE_STRIP = NO;
				DEBUG_INFORMATION_FORMAT = dwarf;
				ENABLE_STRICT_OBJC_MSGSEND = YES;
				ENABLE_TESTABILITY = YES;
				GCC_C_LANGUAGE_STANDARD = gnu99;
				GCC_DYNAMIC_NO_PIC = NO;
				GCC_NO_COMMON_BLOCKS = YES;
				GCC_OPTIMIZATION_LEVEL = 0;
				GCC_PREPROCESSOR_DEFINITIONS = (
					"DEBUG=1",
					"$(inherited)",
				);
				GCC_WARN_64_TO_32_BIT_CONVERSION = YES;
				GCC_WARN_ABOUT_RETURN_TYPE = YES_ERROR;
				GCC_WARN_UNDECLARED_SELECTOR = YES;
				GCC_WARN_UNINITIALIZED_AUTOS = YES_AGGRESSIVE;
				GCC_WARN_UNUSED_FUNCTION = YES;
				GCC_WARN_UNUSED_VARIABLE = YES;
				IPHONEOS_DEPLOYMENT_TARGET = 9.2;
				MTL_ENABLE_DEBUG_INFO = YES;
				ONLY_ACTIVE_ARCH = YES;
				SDKROOT = iphoneos;
				SWIFT_OPTIMIZATION_LEVEL = "-Onone";
			};
			name = Debug;
		};
		2D6CAAEA1C85510B00B76138 /* Release */ = {
			isa = XCBuildConfiguration;
			buildSettings = {
				ALWAYS_SEARCH_USER_PATHS = NO;
				CLANG_CXX_LANGUAGE_STANDARD = "gnu++0x";
				CLANG_CXX_LIBRARY = "libc++";
				CLANG_ENABLE_MODULES = YES;
				CLANG_ENABLE_OBJC_ARC = YES;
				CLANG_WARN_BOOL_CONVERSION = YES;
				CLANG_WARN_CONSTANT_CONVERSION = YES;
				CLANG_WARN_DIRECT_OBJC_ISA_USAGE = YES_ERROR;
				CLANG_WARN_EMPTY_BODY = YES;
				CLANG_WARN_ENUM_CONVERSION = YES;
				CLANG_WARN_INT_CONVERSION = YES;
				CLANG_WARN_OBJC_ROOT_CLASS = YES_ERROR;
				CLANG_WARN_UNREACHABLE_CODE = YES;
				CLANG_WARN__DUPLICATE_METHOD_MATCH = YES;
				"CODE_SIGN_IDENTITY[sdk=iphoneos*]" = "iPhone Developer";
				COPY_PHASE_STRIP = NO;
				DEBUG_INFORMATION_FORMAT = "dwarf-with-dsym";
				ENABLE_NS_ASSERTIONS = NO;
				ENABLE_STRICT_OBJC_MSGSEND = YES;
				GCC_C_LANGUAGE_STANDARD = gnu99;
				GCC_NO_COMMON_BLOCKS = YES;
				GCC_WARN_64_TO_32_BIT_CONVERSION = YES;
				GCC_WARN_ABOUT_RETURN_TYPE = YES_ERROR;
				GCC_WARN_UNDECLARED_SELECTOR = YES;
				GCC_WARN_UNINITIALIZED_AUTOS = YES_AGGRESSIVE;
				GCC_WARN_UNUSED_FUNCTION = YES;
				GCC_WARN_UNUSED_VARIABLE = YES;
				IPHONEOS_DEPLOYMENT_TARGET = 9.2;
				MTL_ENABLE_DEBUG_INFO = NO;
				SDKROOT = iphoneos;
				VALIDATE_PRODUCT = YES;
			};
			name = Release;
		};
		2D6CAAEC1C85510B00B76138 /* Debug */ = {
			isa = XCBuildConfiguration;
			baseConfigurationReference = 88D24ED4D30CDBE48881E76D /* Pods-Bitcoin Ticker.debug.xcconfig */;
			buildSettings = {
				ASSETCATALOG_COMPILER_APPICON_NAME = AppIcon;
				CODE_SIGN_IDENTITY = "iPhone Developer";
				EMBEDDED_CONTENT_CONTAINS_SWIFT = YES;
				INFOPLIST_FILE = "Bitcoin Ticker/Info.plist";
				IPHONEOS_DEPLOYMENT_TARGET = 8.2;
				LD_RUNPATH_SEARCH_PATHS = "$(inherited) @executable_path/Frameworks";
				PRODUCT_BUNDLE_IDENTIFIER = "com.raccoonzninja.Bitcoin-Ticker";
				PRODUCT_NAME = "$(TARGET_NAME)";
			};
			name = Debug;
		};
		2D6CAAED1C85510B00B76138 /* Release */ = {
			isa = XCBuildConfiguration;
			baseConfigurationReference = 72284ED18C83D03C2C4EECA3 /* Pods-Bitcoin Ticker.release.xcconfig */;
			buildSettings = {
				ASSETCATALOG_COMPILER_APPICON_NAME = AppIcon;
				CODE_SIGN_IDENTITY = "iPhone Developer";
				EMBEDDED_CONTENT_CONTAINS_SWIFT = YES;
				INFOPLIST_FILE = "Bitcoin Ticker/Info.plist";
				IPHONEOS_DEPLOYMENT_TARGET = 8.2;
				LD_RUNPATH_SEARCH_PATHS = "$(inherited) @executable_path/Frameworks";
				PRODUCT_BUNDLE_IDENTIFIER = "com.raccoonzninja.Bitcoin-Ticker";
				PRODUCT_NAME = "$(TARGET_NAME)";
			};
			name = Release;
		};
		2DEB01571C9E1DFB003D6DF8 /* Debug */ = {
			isa = XCBuildConfiguration;
			baseConfigurationReference = F623F52C0500747DAA7F2F35 /* Pods-Bitcoin Price.debug.xcconfig */;
			buildSettings = {
				CODE_SIGN_IDENTITY = "iPhone Developer";
				INFOPLIST_FILE = "Bitcoin Price/Info.plist";
				LD_RUNPATH_SEARCH_PATHS = "$(inherited) @executable_path/Frameworks @executable_path/../../Frameworks";
				PRODUCT_BUNDLE_IDENTIFIER = "com.raccoonzninja.Bitcoin-Ticker.Bitcoin-Price";
				PRODUCT_NAME = "$(TARGET_NAME)";
				SKIP_INSTALL = YES;
			};
			name = Debug;
		};
		2DEB01581C9E1DFB003D6DF8 /* Release */ = {
			isa = XCBuildConfiguration;
			baseConfigurationReference = 3270E5E574669375BD49C492 /* Pods-Bitcoin Price.release.xcconfig */;
			buildSettings = {
				CODE_SIGN_IDENTITY = "iPhone Developer";
				INFOPLIST_FILE = "Bitcoin Price/Info.plist";
				LD_RUNPATH_SEARCH_PATHS = "$(inherited) @executable_path/Frameworks @executable_path/../../Frameworks";
				PRODUCT_BUNDLE_IDENTIFIER = "com.raccoonzninja.Bitcoin-Ticker.Bitcoin-Price";
				PRODUCT_NAME = "$(TARGET_NAME)";
				SKIP_INSTALL = YES;
			};
			name = Release;
		};
/* End XCBuildConfiguration section */

/* Begin XCConfigurationList section */
		2D6CAAD41C85510B00B76138 /* Build configuration list for PBXProject "Bitcoin Ticker" */ = {
			isa = XCConfigurationList;
			buildConfigurations = (
				2D6CAAE91C85510B00B76138 /* Debug */,
				2D6CAAEA1C85510B00B76138 /* Release */,
			);
			defaultConfigurationIsVisible = 0;
			defaultConfigurationName = Release;
		};
		2D6CAAEB1C85510B00B76138 /* Build configuration list for PBXNativeTarget "Bitcoin Ticker" */ = {
			isa = XCConfigurationList;
			buildConfigurations = (
				2D6CAAEC1C85510B00B76138 /* Debug */,
				2D6CAAED1C85510B00B76138 /* Release */,
			);
			defaultConfigurationIsVisible = 0;
			defaultConfigurationName = Release;
		};
		2DEB01591C9E1DFB003D6DF8 /* Build configuration list for PBXNativeTarget "Bitcoin Price" */ = {
			isa = XCConfigurationList;
			buildConfigurations = (
				2DEB01571C9E1DFB003D6DF8 /* Debug */,
				2DEB01581C9E1DFB003D6DF8 /* Release */,
			);
			defaultConfigurationIsVisible = 0;
			defaultConfigurationName = Release;
		};
/* End XCConfigurationList section */
	};
	rootObject = 2D6CAAD11C85510B00B76138 /* Project object */;
}
